
Microsoft Visual Studio Solution File, Format Version 12.00
# Visual Studio Version 17
VisualStudioVersion = 17.1.32328.378
MinimumVisualStudioVersion = 10.0.40219.1
Project("{FAE04EC0-301F-11D3-BF4B-00C04F79EFBC}") = "demo", "demo\demo.csproj", "{1E5F0F10-6D4F-4183-AB9D-A1195E7B795F}"
EndProject
Global
	GlobalSection(SolutionConfigurationPlatforms) = preSolution
		Debug|Any CPU = Debug|Any CPU
		Release|Any CPU = Release|Any CPU
	EndGlobalSection
	GlobalSection(ProjectConfigurationPlatforms) = postSolution
		{1E5F0F10-6D4F-4183-AB9D-A1195E7B795F}.Debug|Any CPU.ActiveCfg = Debug|Any CPU
		{1E5F0F10-6D4F-4183-AB9D-A1195E7B795F}.Debug|Any CPU.Build.0 = Debug|Any CPU
		{1E5F0F10-6D4F-4183-AB9D-A1195E7B795F}.Release|Any CPU.ActiveCfg = Release|Any CPU
		{1E5F0F10-6D4F-4183-AB9D-A1195E7B795F}.Release|Any CPU.Build.0 = Release|Any CPU
	EndGlobalSection
	GlobalSection(SolutionProperties) = preSolution
		HideSolutionNode = FALSE
	EndGlobalSection
	GlobalSection(ExtensibilityGlobals) = postSolution
		SolutionGuid = {D0A4E4D9-0CD5-462F-9FA5-251F52F5DAD7}
	EndGlobalSection
EndGlobal
